
Microsoft Visual Studio Solution File, Format Version 12.00
# Visual Studio 15
VisualStudioVersion = 15.0.27703.2042
MinimumVisualStudioVersion = 10.0.40219.1
Project("{FAE04EC0-301F-11D3-BF4B-00C04F79EFBC}") = "App01_ConsultarCEP.Android", "App01_ConsultarCEP\App01_ConsultarCEP.Android\App01_ConsultarCEP.Android.csproj", "{71B8386D-77DB-4CD7-898F-96F4E97490F5}"
EndProject
Project("{FAE04EC0-301F-11D3-BF4B-00C04F79EFBC}") = "App01_ConsultarCEP.iOS", "App01_ConsultarCEP\App01_ConsultarCEP.iOS\App01_ConsultarCEP.iOS.csproj", "{D7BF40A7-BF6B-4F50-8680-DEA21459FF75}"
EndProject
Project("{FAE04EC0-301F-11D3-BF4B-00C04F79EFBC}") = "App01_ConsultarCEP.UWP", "App01_ConsultarCEP\App01_ConsultarCEP.UWP\App01_ConsultarCEP.UWP.csproj", "{EA003478-7E5D-4426-8309-FA5DCB631D16}"
EndProject
Project("{FAE04EC0-301F-11D3-BF4B-00C04F79EFBC}") = "App01_ConsultarCEP", "App01_ConsultarCEP\App01_ConsultarCEP\App01_ConsultarCEP.csproj", "{0A6ACB04-CBDC-4A27-A640-D46611A3134E}"
EndProject
Global
	GlobalSection(SolutionConfigurationPlatforms) = preSolution
		Ad-Hoc|Any CPU = Ad-Hoc|Any CPU
		Ad-Hoc|ARM = Ad-Hoc|ARM
		Ad-Hoc|iPhone = Ad-Hoc|iPhone
		Ad-Hoc|iPhoneSimulator = Ad-Hoc|iPhoneSimulator
		Ad-Hoc|x64 = Ad-Hoc|x64
		Ad-Hoc|x86 = Ad-Hoc|x86
		AppStore|Any CPU = AppStore|Any CPU
		AppStore|ARM = AppStore|ARM
		AppStore|iPhone = AppStore|iPhone
		AppStore|iPhoneSimulator = AppStore|iPhoneSimulator
		AppStore|x64 = AppStore|x64
		AppStore|x86 = AppStore|x86
		Debug|Any CPU = Debug|Any CPU
		Debug|ARM = Debug|ARM
		Debug|iPhone = Debug|iPhone
		Debug|iPhoneSimulator = Debug|iPhoneSimulator
		Debug|x64 = Debug|x64
		Debug|x86 = Debug|x86
		Release|Any CPU = Release|Any CPU
		Release|ARM = Release|ARM
		Release|iPhone = Release|iPhone
		Release|iPhoneSimulator = Release|iPhoneSimulator
		Release|x64 = Release|x64
		Release|x86 = Release|x86
	EndGlobalSection
	GlobalSection(ProjectConfigurationPlatforms) = postSolution
		{71B8386D-77DB-4CD7-898F-96F4E97490F5}.Ad-Hoc|Any CPU.ActiveCfg = Release|Any CPU
		{71B8386D-77DB-4CD7-898F-96F4E97490F5}.Ad-Hoc|Any CPU.Build.0 = Release|Any CPU
		{71B8386D-77DB-4CD7-898F-96F4E97490F5}.Ad-Hoc|Any CPU.Deploy.0 = Release|Any CPU
		{71B8386D-77DB-4CD7-898F-96F4E97490F5}.Ad-Hoc|ARM.ActiveCfg = Release|Any CPU
		{71B8386D-77DB-4CD7-898F-96F4E97490F5}.Ad-Hoc|ARM.Build.0 = Release|Any CPU
		{71B8386D-77DB-4CD7-898F-96F4E97490F5}.Ad-Hoc|ARM.Deploy.0 = Release|Any CPU
		{71B8386D-77DB-4CD7-898F-96F4E97490F5}.Ad-Hoc|iPhone.ActiveCfg = Release|Any CPU
		{71B8386D-77DB-4CD7-898F-96F4E97490F5}.Ad-Hoc|iPhone.Build.0 = Release|Any CPU
		{71B8386D-77DB-4CD7-898F-96F4E97490F5}.Ad-Hoc|iPhone.Deploy.0 = Release|Any CPU
		{71B8386D-77DB-4CD7-898F-96F4E97490F5}.Ad-Hoc|iPhoneSimulator.ActiveCfg = Release|Any CPU
		{71B8386D-77DB-4CD7-898F-96F4E97490F5}.Ad-Hoc|iPhoneSimulator.Build.0 = Release|Any CPU
		{71B8386D-77DB-4CD7-898F-96F4E97490F5}.Ad-Hoc|iPhoneSimulator.Deploy.0 = Release|Any CPU
		{71B8386D-77DB-4CD7-898F-96F4E97490F5}.Ad-Hoc|x64.ActiveCfg = Release|Any CPU
		{71B8386D-77DB-4CD7-898F-96F4E97490F5}.Ad-Hoc|x64.Build.0 = Release|Any CPU
		{71B8386D-77DB-4CD7-898F-96F4E97490F5}.Ad-Hoc|x64.Deploy.0 = Release|Any CPU
		{71B8386D-77DB-4CD7-898F-96F4E97490F5}.Ad-Hoc|x86.ActiveCfg = Release|Any CPU
		{71B8386D-77DB-4CD7-898F-96F4E97490F5}.Ad-Hoc|x86.Build.0 = Release|Any CPU
		{71B8386D-77DB-4CD7-898F-96F4E97490F5}.Ad-Hoc|x86.Deploy.0 = Release|Any CPU
		{71B8386D-77DB-4CD7-898F-96F4E97490F5}.AppStore|Any CPU.ActiveCfg = Release|Any CPU
		{71B8386D-77DB-4CD7-898F-96F4E97490F5}.AppStore|Any CPU.Build.0 = Release|Any CPU
		{71B8386D-77DB-4CD7-898F-96F4E97490F5}.AppStore|Any CPU.Deploy.0 = Release|Any CPU
		{71B8386D-77DB-4CD7-898F-96F4E97490F5}.AppStore|ARM.ActiveCfg = Release|Any CPU
		{71B8386D-77DB-4CD7-898F-96F4E97490F5}.AppStore|ARM.Build.0 = Release|Any CPU
		{71B8386D-77DB-4CD7-898F-96F4E97490F5}.AppStore|ARM.Deploy.0 = Release|Any CPU
		{71B8386D-77DB-4CD7-898F-96F4E97490F5}.AppStore|iPhone.ActiveCfg = Release|Any CPU
		{71B8386D-77DB-4CD7-898F-96F4E97490F5}.AppStore|iPhone.Build.0 = Release|Any CPU
		{71B8386D-77DB-4CD7-898F-96F4E97490F5}.AppStore|iPhone.Deploy.0 = Release|Any CPU
		{71B8386D-77DB-4CD7-898F-96F4E97490F5}.AppStore|iPhoneSimulator.ActiveCfg = Release|Any CPU
		{71B8386D-77DB-4CD7-898F-96F4E97490F5}.AppStore|iPhoneSimulator.Build.0 = Release|Any CPU
		{71B8386D-77DB-4CD7-898F-96F4E97490F5}.AppStore|iPhoneSimulator.Deploy.0 = Release|Any CPU
		{71B8386D-77DB-4CD7-898F-96F4E97490F5}.AppStore|x64.ActiveCfg = Release|Any CPU
		{71B8386D-77DB-4CD7-898F-96F4E97490F5}.AppStore|x64.Build.0 = Release|Any CPU
		{71B8386D-77DB-4CD7-898F-96F4E97490F5}.AppStore|x64.Deploy.0 = Release|Any CPU
		{71B8386D-77DB-4CD7-898F-96F4E97490F5}.AppStore|x86.ActiveCfg = Release|Any CPU
		{71B8386D-77DB-4CD7-898F-96F4E97490F5}.AppStore|x86.Build.0 = Release|Any CPU
		{71B8386D-77DB-4CD7-898F-96F4E97490F5}.AppStore|x86.Deploy.0 = Release|Any CPU
		{71B8386D-77DB-4CD7-898F-96F4E97490F5}.Debug|Any CPU.ActiveCfg = Debug|Any CPU
		{71B8386D-77DB-4CD7-898F-96F4E97490F5}.Debug|Any CPU.Build.0 = Debug|Any CPU
		{71B8386D-77DB-4CD7-898F-96F4E97490F5}.Debug|Any CPU.Deploy.0 = Debug|Any CPU
		{71B8386D-77DB-4CD7-898F-96F4E97490F5}.Debug|ARM.ActiveCfg = Debug|Any CPU
		{71B8386D-77DB-4CD7-898F-96F4E97490F5}.Debug|ARM.Build.0 = Debug|Any CPU
		{71B8386D-77DB-4CD7-898F-96F4E97490F5}.Debug|ARM.Deploy.0 = Debug|Any CPU
		{71B8386D-77DB-4CD7-898F-96F4E97490F5}.Debug|iPhone.ActiveCfg = Debug|Any CPU
		{71B8386D-77DB-4CD7-898F-96F4E97490F5}.Debug|iPhone.Build.0 = Debug|Any CPU
		{71B8386D-77DB-4CD7-898F-96F4E97490F5}.Debug|iPhone.Deploy.0 = Debug|Any CPU
		{71B8386D-77DB-4CD7-898F-96F4E97490F5}.Debug|iPhoneSimulator.ActiveCfg = Debug|Any CPU
		{71B8386D-77DB-4CD7-898F-96F4E97490F5}.Debug|iPhoneSimulator.Build.0 = Debug|Any CPU
		{71B8386D-77DB-4CD7-898F-96F4E97490F5}.Debug|iPhoneSimulator.Deploy.0 = Debug|Any CPU
		{71B8386D-77DB-4CD7-898F-96F4E97490F5}.Debug|x64.ActiveCfg = Debug|Any CPU
		{71B8386D-77DB-4CD7-898F-96F4E97490F5}.Debug|x64.Build.0 = Debug|Any CPU
		{71B8386D-77DB-4CD7-898F-96F4E97490F5}.Debug|x64.Deploy.0 = Debug|Any CPU
		{71B8386D-77DB-4CD7-898F-96F4E97490F5}.Debug|x86.ActiveCfg = Debug|Any CPU
		{71B8386D-77DB-4CD7-898F-96F4E97490F5}.Debug|x86.Build.0 = Debug|Any CPU
		{71B8386D-77DB-4CD7-898F-96F4E97490F5}.Debug|x86.Deploy.0 = Debug|Any CPU
		{71B8386D-77DB-4CD7-898F-96F4E97490F5}.Release|Any CPU.ActiveCfg = Release|Any CPU
		{71B8386D-77DB-4CD7-898F-96F4E97490F5}.Release|Any CPU.Build.0 = Release|Any CPU
		{71B8386D-77DB-4CD7-898F-96F4E97490F5}.Release|Any CPU.Deploy.0 = Release|Any CPU
		{71B8386D-77DB-4CD7-898F-96F4E97490F5}.Release|ARM.ActiveCfg = Release|Any CPU
		{71B8386D-77DB-4CD7-898F-96F4E97490F5}.Release|ARM.Build.0 = Release|Any CPU
		{71B8386D-77DB-4CD7-898F-96F4E97490F5}.Release|ARM.Deploy.0 = Release|Any CPU
		{71B8386D-77DB-4CD7-898F-96F4E97490F5}.Release|iPhone.ActiveCfg = Release|Any CPU
		{71B8386D-77DB-4CD7-898F-96F4E97490F5}.Release|iPhone.Build.0 = Release|Any CPU
		{71B8386D-77DB-4CD7-898F-96F4E97490F5}.Release|iPhone.Deploy.0 = Release|Any CPU
		{71B8386D-77DB-4CD7-898F-96F4E97490F5}.Release|iPhoneSimulator.ActiveCfg = Release|Any CPU
		{71B8386D-77DB-4CD7-898F-96F4E97490F5}.Release|iPhoneSimulator.Build.0 = Release|Any CPU
		{71B8386D-77DB-4CD7-898F-96F4E97490F5}.Release|iPhoneSimulator.Deploy.0 = Release|Any CPU
		{71B8386D-77DB-4CD7-898F-96F4E97490F5}.Release|x64.ActiveCfg = Release|Any CPU
		{71B8386D-77DB-4CD7-898F-96F4E97490F5}.Release|x64.Build.0 = Release|Any CPU
		{71B8386D-77DB-4CD7-898F-96F4E97490F5}.Release|x64.Deploy.0 = Release|Any CPU
		{71B8386D-77DB-4CD7-898F-96F4E97490F5}.Release|x86.ActiveCfg = Release|Any CPU
		{71B8386D-77DB-4CD7-898F-96F4E97490F5}.Release|x86.Build.0 = Release|Any CPU
		{71B8386D-77DB-4CD7-898F-96F4E97490F5}.Release|x86.Deploy.0 = Release|Any CPU
		{D7BF40A7-BF6B-4F50-8680-DEA21459FF75}.Ad-Hoc|Any CPU.ActiveCfg = Ad-Hoc|iPhone
		{D7BF40A7-BF6B-4F50-8680-DEA21459FF75}.Ad-Hoc|Any CPU.Build.0 = Ad-Hoc|iPhone
		{D7BF40A7-BF6B-4F50-8680-DEA21459FF75}.Ad-Hoc|Any CPU.Deploy.0 = Ad-Hoc|iPhone
		{D7BF40A7-BF6B-4F50-8680-DEA21459FF75}.Ad-Hoc|ARM.ActiveCfg = Ad-Hoc|iPhone
		{D7BF40A7-BF6B-4F50-8680-DEA21459FF75}.Ad-Hoc|ARM.Build.0 = Ad-Hoc|iPhone
		{D7BF40A7-BF6B-4F50-8680-DEA21459FF75}.Ad-Hoc|ARM.Deploy.0 = Ad-Hoc|iPhone
		{D7BF40A7-BF6B-4F50-8680-DEA21459FF75}.Ad-Hoc|iPhone.ActiveCfg = Ad-Hoc|iPhone
		{D7BF40A7-BF6B-4F50-8680-DEA21459FF75}.Ad-Hoc|iPhone.Build.0 = Ad-Hoc|iPhone
		{D7BF40A7-BF6B-4F50-8680-DEA21459FF75}.Ad-Hoc|iPhone.Deploy.0 = Ad-Hoc|iPhone
		{D7BF40A7-BF6B-4F50-8680-DEA21459FF75}.Ad-Hoc|iPhoneSimulator.ActiveCfg = Ad-Hoc|iPhoneSimulator
		{D7BF40A7-BF6B-4F50-8680-DEA21459FF75}.Ad-Hoc|iPhoneSimulator.Build.0 = Ad-Hoc|iPhoneSimulator
		{D7BF40A7-BF6B-4F50-8680-DEA21459FF75}.Ad-Hoc|iPhoneSimulator.Deploy.0 = Ad-Hoc|iPhoneSimulator
		{D7BF40A7-BF6B-4F50-8680-DEA21459FF75}.Ad-Hoc|x64.ActiveCfg = Ad-Hoc|iPhone
		{D7BF40A7-BF6B-4F50-8680-DEA21459FF75}.Ad-Hoc|x64.Build.0 = Ad-Hoc|iPhone
		{D7BF40A7-BF6B-4F50-8680-DEA21459FF75}.Ad-Hoc|x64.Deploy.0 = Ad-Hoc|iPhone
		{D7BF40A7-BF6B-4F50-8680-DEA21459FF75}.Ad-Hoc|x86.ActiveCfg = Ad-Hoc|iPhone
		{D7BF40A7-BF6B-4F50-8680-DEA21459FF75}.Ad-Hoc|x86.Build.0 = Ad-Hoc|iPhone
		{D7BF40A7-BF6B-4F50-8680-DEA21459FF75}.Ad-Hoc|x86.Deploy.0 = Ad-Hoc|iPhone
		{D7BF40A7-BF6B-4F50-8680-DEA21459FF75}.AppStore|Any CPU.ActiveCfg = AppStore|iPhone
		{D7BF40A7-BF6B-4F50-8680-DEA21459FF75}.AppStore|Any CPU.Build.0 = AppStore|iPhone
		{D7BF40A7-BF6B-4F50-8680-DEA21459FF75}.AppStore|Any CPU.Deploy.0 = AppStore|iPhone
		{D7BF40A7-BF6B-4F50-8680-DEA21459FF75}.AppStore|ARM.ActiveCfg = AppStore|iPhone
		{D7BF40A7-BF6B-4F50-8680-DEA21459FF75}.AppStore|ARM.Build.0 = AppStore|iPhone
		{D7BF40A7-BF6B-4F50-8680-DEA21459FF75}.AppStore|ARM.Deploy.0 = AppStore|iPhone
		{D7BF40A7-BF6B-4F50-8680-DEA21459FF75}.AppStore|iPhone.ActiveCfg = AppStore|iPhone
		{D7BF40A7-BF6B-4F50-8680-DEA21459FF75}.AppStore|iPhone.Build.0 = AppStore|iPhone
		{D7BF40A7-BF6B-4F50-8680-DEA21459FF75}.AppStore|iPhone.Deploy.0 = AppStore|iPhone
		{D7BF40A7-BF6B-4F50-8680-DEA21459FF75}.AppStore|iPhoneSimulator.ActiveCfg = AppStore|iPhoneSimulator
		{D7BF40A7-BF6B-4F50-8680-DEA21459FF75}.AppStore|iPhoneSimulator.Build.0 = AppStore|iPhoneSimulator
		{D7BF40A7-BF6B-4F50-8680-DEA21459FF75}.AppStore|iPhoneSimulator.Deploy.0 = AppStore|iPhoneSimulator
		{D7BF40A7-BF6B-4F50-8680-DEA21459FF75}.AppStore|x64.ActiveCfg = AppStore|iPhone
		{D7BF40A7-BF6B-4F50-8680-DEA21459FF75}.AppStore|x64.Build.0 = AppStore|iPhone
		{D7BF40A7-BF6B-4F50-8680-DEA21459FF75}.AppStore|x64.Deploy.0 = AppStore|iPhone
		{D7BF40A7-BF6B-4F50-8680-DEA21459FF75}.AppStore|x86.ActiveCfg = AppStore|iPhone
		{D7BF40A7-BF6B-4F50-8680-DEA21459FF75}.AppStore|x86.Build.0 = AppStore|iPhone
		{D7BF40A7-BF6B-4F50-8680-DEA21459FF75}.AppStore|x86.Deploy.0 = AppStore|iPhone
		{D7BF40A7-BF6B-4F50-8680-DEA21459FF75}.Debug|Any CPU.ActiveCfg = Debug|iPhoneSimulator
		{D7BF40A7-BF6B-4F50-8680-DEA21459FF75}.Debug|Any CPU.Build.0 = Debug|iPhoneSimulator
		{D7BF40A7-BF6B-4F50-8680-DEA21459FF75}.Debug|Any CPU.Deploy.0 = Debug|iPhoneSimulator
		{D7BF40A7-BF6B-4F50-8680-DEA21459FF75}.Debug|ARM.ActiveCfg = Debug|iPhone
		{D7BF40A7-BF6B-4F50-8680-DEA21459FF75}.Debug|ARM.Build.0 = Debug|iPhone
		{D7BF40A7-BF6B-4F50-8680-DEA21459FF75}.Debug|ARM.Deploy.0 = Debug|iPhone
		{D7BF40A7-BF6B-4F50-8680-DEA21459FF75}.Debug|iPhone.ActiveCfg = Debug|iPhone
		{D7BF40A7-BF6B-4F50-8680-DEA21459FF75}.Debug|iPhone.Build.0 = Debug|iPhone
		{D7BF40A7-BF6B-4F50-8680-DEA21459FF75}.Debug|iPhone.Deploy.0 = Debug|iPhone
		{D7BF40A7-BF6B-4F50-8680-DEA21459FF75}.Debug|iPhoneSimulator.ActiveCfg = Debug|iPhoneSimulator
		{D7BF40A7-BF6B-4F50-8680-DEA21459FF75}.Debug|iPhoneSimulator.Build.0 = Debug|iPhoneSimulator
		{D7BF40A7-BF6B-4F50-8680-DEA21459FF75}.Debug|iPhoneSimulator.Deploy.0 = Debug|iPhoneSimulator
		{D7BF40A7-BF6B-4F50-8680-DEA21459FF75}.Debug|x64.ActiveCfg = Debug|iPhone
		{D7BF40A7-BF6B-4F50-8680-DEA21459FF75}.Debug|x64.Build.0 = Debug|iPhone
		{D7BF40A7-BF6B-4F50-8680-DEA21459FF75}.Debug|x64.Deploy.0 = Debug|iPhone
		{D7BF40A7-BF6B-4F50-8680-DEA21459FF75}.Debug|x86.ActiveCfg = Debug|iPhone
		{D7BF40A7-BF6B-4F50-8680-DEA21459FF75}.Debug|x86.Build.0 = Debug|iPhone
		{D7BF40A7-BF6B-4F50-8680-DEA21459FF75}.Debug|x86.Deploy.0 = Debug|iPhone
		{D7BF40A7-BF6B-4F50-8680-DEA21459FF75}.Release|Any CPU.ActiveCfg = Release|iPhone
		{D7BF40A7-BF6B-4F50-8680-DEA21459FF75}.Release|Any CPU.Build.0 = Release|iPhone
		{D7BF40A7-BF6B-4F50-8680-DEA21459FF75}.Release|Any CPU.Deploy.0 = Release|iPhone
		{D7BF40A7-BF6B-4F50-8680-DEA21459FF75}.Release|ARM.ActiveCfg = Release|iPhone
		{D7BF40A7-BF6B-4F50-8680-DEA21459FF75}.Release|ARM.Build.0 = Release|iPhone
		{D7BF40A7-BF6B-4F50-8680-DEA21459FF75}.Release|ARM.Deploy.0 = Release|iPhone
		{D7BF40A7-BF6B-4F50-8680-DEA21459FF75}.Release|iPhone.ActiveCfg = Release|iPhone
		{D7BF40A7-BF6B-4F50-8680-DEA21459FF75}.Release|iPhone.Build.0 = Release|iPhone
		{D7BF40A7-BF6B-4F50-8680-DEA21459FF75}.Release|iPhone.Deploy.0 = Release|iPhone
		{D7BF40A7-BF6B-4F50-8680-DEA21459FF75}.Release|iPhoneSimulator.ActiveCfg = Release|iPhoneSimulator
		{D7BF40A7-BF6B-4F50-8680-DEA21459FF75}.Release|iPhoneSimulator.Build.0 = Release|iPhoneSimulator
		{D7BF40A7-BF6B-4F50-8680-DEA21459FF75}.Release|iPhoneSimulator.Deploy.0 = Release|iPhoneSimulator
		{D7BF40A7-BF6B-4F50-8680-DEA21459FF75}.Release|x64.ActiveCfg = Release|iPhone
		{D7BF40A7-BF6B-4F50-8680-DEA21459FF75}.Release|x64.Build.0 = Release|iPhone
		{D7BF40A7-BF6B-4F50-8680-DEA21459FF75}.Release|x64.Deploy.0 = Release|iPhone
		{D7BF40A7-BF6B-4F50-8680-DEA21459FF75}.Release|x86.ActiveCfg = Release|iPhone
		{D7BF40A7-BF6B-4F50-8680-DEA21459FF75}.Release|x86.Build.0 = Release|iPhone
		{D7BF40A7-BF6B-4F50-8680-DEA21459FF75}.Release|x86.Deploy.0 = Release|iPhone
		{EA003478-7E5D-4426-8309-FA5DCB631D16}.Ad-Hoc|Any CPU.ActiveCfg = Release|x86
		{EA003478-7E5D-4426-8309-FA5DCB631D16}.Ad-Hoc|Any CPU.Build.0 = Release|x86
		{EA003478-7E5D-4426-8309-FA5DCB631D16}.Ad-Hoc|Any CPU.Deploy.0 = Release|x86
		{EA003478-7E5D-4426-8309-FA5DCB631D16}.Ad-Hoc|ARM.ActiveCfg = Release|ARM
		{EA003478-7E5D-4426-8309-FA5DCB631D16}.Ad-Hoc|ARM.Build.0 = Release|ARM
		{EA003478-7E5D-4426-8309-FA5DCB631D16}.Ad-Hoc|ARM.Deploy.0 = Release|ARM
		{EA003478-7E5D-4426-8309-FA5DCB631D16}.Ad-Hoc|iPhone.ActiveCfg = Release|x86
		{EA003478-7E5D-4426-8309-FA5DCB631D16}.Ad-Hoc|iPhone.Build.0 = Release|x86
		{EA003478-7E5D-4426-8309-FA5DCB631D16}.Ad-Hoc|iPhone.Deploy.0 = Release|x86
		{EA003478-7E5D-4426-8309-FA5DCB631D16}.Ad-Hoc|iPhoneSimulator.ActiveCfg = Release|x86
		{EA003478-7E5D-4426-8309-FA5DCB631D16}.Ad-Hoc|iPhoneSimulator.Build.0 = Release|x86
		{EA003478-7E5D-4426-8309-FA5DCB631D16}.Ad-Hoc|iPhoneSimulator.Deploy.0 = Release|x86
		{EA003478-7E5D-4426-8309-FA5DCB631D16}.Ad-Hoc|x64.ActiveCfg = Release|x64
		{EA003478-7E5D-4426-8309-FA5DCB631D16}.Ad-Hoc|x64.Build.0 = Release|x64
		{EA003478-7E5D-4426-8309-FA5DCB631D16}.Ad-Hoc|x64.Deploy.0 = Release|x64
		{EA003478-7E5D-4426-8309-FA5DCB631D16}.Ad-Hoc|x86.ActiveCfg = Release|x86
		{EA003478-7E5D-4426-8309-FA5DCB631D16}.Ad-Hoc|x86.Build.0 = Release|x86
		{EA003478-7E5D-4426-8309-FA5DCB631D16}.Ad-Hoc|x86.Deploy.0 = Release|x86
		{EA003478-7E5D-4426-8309-FA5DCB631D16}.AppStore|Any CPU.ActiveCfg = Release|x86
		{EA003478-7E5D-4426-8309-FA5DCB631D16}.AppStore|Any CPU.Build.0 = Release|x86
		{EA003478-7E5D-4426-8309-FA5DCB631D16}.AppStore|Any CPU.Deploy.0 = Release|x86
		{EA003478-7E5D-4426-8309-FA5DCB631D16}.AppStore|ARM.ActiveCfg = Release|ARM
		{EA003478-7E5D-4426-8309-FA5DCB631D16}.AppStore|ARM.Build.0 = Release|ARM
		{EA003478-7E5D-4426-8309-FA5DCB631D16}.AppStore|ARM.Deploy.0 = Release|ARM
		{EA003478-7E5D-4426-8309-FA5DCB631D16}.AppStore|iPhone.ActiveCfg = Release|x86
		{EA003478-7E5D-4426-8309-FA5DCB631D16}.AppStore|iPhone.Build.0 = Release|x86
		{EA003478-7E5D-4426-8309-FA5DCB631D16}.AppStore|iPhone.Deploy.0 = Release|x86
		{EA003478-7E5D-4426-8309-FA5DCB631D16}.AppStore|iPhoneSimulator.ActiveCfg = Release|x86
		{EA003478-7E5D-4426-8309-FA5DCB631D16}.AppStore|iPhoneSimulator.Build.0 = Release|x86
		{EA003478-7E5D-4426-8309-FA5DCB631D16}.AppStore|iPhoneSimulator.Deploy.0 = Release|x86
		{EA003478-7E5D-4426-8309-FA5DCB631D16}.AppStore|x64.ActiveCfg = Release|x64
		{EA003478-7E5D-4426-8309-FA5DCB631D16}.AppStore|x64.Build.0 = Release|x64
		{EA003478-7E5D-4426-8309-FA5DCB631D16}.AppStore|x64.Deploy.0 = Release|x64
		{EA003478-7E5D-4426-8309-FA5DCB631D16}.AppStore|x86.ActiveCfg = Release|x86
		{EA003478-7E5D-4426-8309-FA5DCB631D16}.AppStore|x86.Build.0 = Release|x86
		{EA003478-7E5D-4426-8309-FA5DCB631D16}.AppStore|x86.Deploy.0 = Release|x86
		{EA003478-7E5D-4426-8309-FA5DCB631D16}.Debug|Any CPU.ActiveCfg = Debug|x86
		{EA003478-7E5D-4426-8309-FA5DCB631D16}.Debug|ARM.ActiveCfg = Debug|ARM
		{EA003478-7E5D-4426-8309-FA5DCB631D16}.Debug|ARM.Build.0 = Debug|ARM
		{EA003478-7E5D-4426-8309-FA5DCB631D16}.Debug|ARM.Deploy.0 = Debug|ARM
		{EA003478-7E5D-4426-8309-FA5DCB631D16}.Debug|iPhone.ActiveCfg = Debug|x86
		{EA003478-7E5D-4426-8309-FA5DCB631D16}.Debug|iPhoneSimulator.ActiveCfg = Debug|x86
		{EA003478-7E5D-4426-8309-FA5DCB631D16}.Debug|x64.ActiveCfg = Debug|x64
		{EA003478-7E5D-4426-8309-FA5DCB631D16}.Debug|x64.Build.0 = Debug|x64
		{EA003478-7E5D-4426-8309-FA5DCB631D16}.Debug|x64.Deploy.0 = Debug|x64
		{EA003478-7E5D-4426-8309-FA5DCB631D16}.Debug|x86.ActiveCfg = Debug|x86
		{EA003478-7E5D-4426-8309-FA5DCB631D16}.Debug|x86.Build.0 = Debug|x86
		{EA003478-7E5D-4426-8309-FA5DCB631D16}.Debug|x86.Deploy.0 = Debug|x86
		{EA003478-7E5D-4426-8309-FA5DCB631D16}.Release|Any CPU.ActiveCfg = Release|x86
		{EA003478-7E5D-4426-8309-FA5DCB631D16}.Release|ARM.ActiveCfg = Release|ARM
		{EA003478-7E5D-4426-8309-FA5DCB631D16}.Release|ARM.Build.0 = Release|ARM
		{EA003478-7E5D-4426-8309-FA5DCB631D16}.Release|ARM.Deploy.0 = Release|ARM
		{EA003478-7E5D-4426-8309-FA5DCB631D16}.Release|iPhone.ActiveCfg = Release|x86
		{EA003478-7E5D-4426-8309-FA5DCB631D16}.Release|iPhoneSimulator.ActiveCfg = Release|x86
		{EA003478-7E5D-4426-8309-FA5DCB631D16}.Release|x64.ActiveCfg = Release|x64
		{EA003478-7E5D-4426-8309-FA5DCB631D16}.Release|x64.Build.0 = Release|x64
		{EA003478-7E5D-4426-8309-FA5DCB631D16}.Release|x64.Deploy.0 = Release|x64
		{EA003478-7E5D-4426-8309-FA5DCB631D16}.Release|x86.ActiveCfg = Release|x86
		{EA003478-7E5D-4426-8309-FA5DCB631D16}.Release|x86.Build.0 = Release|x86
		{EA003478-7E5D-4426-8309-FA5DCB631D16}.Release|x86.Deploy.0 = Release|x86
		{0A6ACB04-CBDC-4A27-A640-D46611A3134E}.Ad-Hoc|Any CPU.ActiveCfg = Debug|Any CPU
		{0A6ACB04-CBDC-4A27-A640-D46611A3134E}.Ad-Hoc|Any CPU.Build.0 = Debug|Any CPU
		{0A6ACB04-CBDC-4A27-A640-D46611A3134E}.Ad-Hoc|Any CPU.Deploy.0 = Debug|Any CPU
		{0A6ACB04-CBDC-4A27-A640-D46611A3134E}.Ad-Hoc|ARM.ActiveCfg = Debug|Any CPU
		{0A6ACB04-CBDC-4A27-A640-D46611A3134E}.Ad-Hoc|ARM.Build.0 = Debug|Any CPU
		{0A6ACB04-CBDC-4A27-A640-D46611A3134E}.Ad-Hoc|ARM.Deploy.0 = Debug|Any CPU
		{0A6ACB04-CBDC-4A27-A640-D46611A3134E}.Ad-Hoc|iPhone.ActiveCfg = Debug|Any CPU
		{0A6ACB04-CBDC-4A27-A640-D46611A3134E}.Ad-Hoc|iPhone.Build.0 = Debug|Any CPU
		{0A6ACB04-CBDC-4A27-A640-D46611A3134E}.Ad-Hoc|iPhone.Deploy.0 = Debug|Any CPU
		{0A6ACB04-CBDC-4A27-A640-D46611A3134E}.Ad-Hoc|iPhoneSimulator.ActiveCfg = Debug|Any CPU
		{0A6ACB04-CBDC-4A27-A640-D46611A3134E}.Ad-Hoc|iPhoneSimulator.Build.0 = Debug|Any CPU
		{0A6ACB04-CBDC-4A27-A640-D46611A3134E}.Ad-Hoc|iPhoneSimulator.Deploy.0 = Debug|Any CPU
		{0A6ACB04-CBDC-4A27-A640-D46611A3134E}.Ad-Hoc|x64.ActiveCfg = Debug|Any CPU
		{0A6ACB04-CBDC-4A27-A640-D46611A3134E}.Ad-Hoc|x64.Build.0 = Debug|Any CPU
		{0A6ACB04-CBDC-4A27-A640-D46611A3134E}.Ad-Hoc|x64.Deploy.0 = Debug|Any CPU
		{0A6ACB04-CBDC-4A27-A640-D46611A3134E}.Ad-Hoc|x86.ActiveCfg = Debug|Any CPU
		{0A6ACB04-CBDC-4A27-A640-D46611A3134E}.Ad-Hoc|x86.Build.0 = Debug|Any CPU
		{0A6ACB04-CBDC-4A27-A640-D46611A3134E}.Ad-Hoc|x86.Deploy.0 = Debug|Any CPU
		{0A6ACB04-CBDC-4A27-A640-D46611A3134E}.AppStore|Any CPU.ActiveCfg = Debug|Any CPU
		{0A6ACB04-CBDC-4A27-A640-D46611A3134E}.AppStore|Any CPU.Build.0 = Debug|Any CPU
		{0A6ACB04-CBDC-4A27-A640-D46611A3134E}.AppStore|Any CPU.Deploy.0 = Debug|Any CPU
		{0A6ACB04-CBDC-4A27-A640-D46611A3134E}.AppStore|ARM.ActiveCfg = Debug|Any CPU
		{0A6ACB04-CBDC-4A27-A640-D46611A3134E}.AppStore|ARM.Build.0 = Debug|Any CPU
		{0A6ACB04-CBDC-4A27-A640-D46611A3134E}.AppStore|ARM.Deploy.0 = Debug|Any CPU
		{0A6ACB04-CBDC-4A27-A640-D46611A3134E}.AppStore|iPhone.ActiveCfg = Debug|Any CPU
		{0A6ACB04-CBDC-4A27-A640-D46611A3134E}.AppStore|iPhone.Build.0 = Debug|Any CPU
		{0A6ACB04-CBDC-4A27-A640-D46611A3134E}.AppStore|iPhone.Deploy.0 = Debug|Any CPU
		{0A6ACB04-CBDC-4A27-A640-D46611A3134E}.AppStore|iPhoneSimulator.ActiveCfg = Debug|Any CPU
		{0A6ACB04-CBDC-4A27-A640-D46611A3134E}.AppStore|iPhoneSimulator.Build.0 = Debug|Any CPU
		{0A6ACB04-CBDC-4A27-A640-D46611A3134E}.AppStore|iPhoneSimulator.Deploy.0 = Debug|Any CPU
		{0A6ACB04-CBDC-4A27-A640-D46611A3134E}.AppStore|x64.ActiveCfg = Debug|Any CPU
		{0A6ACB04-CBDC-4A27-A640-D46611A3134E}.AppStore|x64.Build.0 = Debug|Any CPU
		{0A6ACB04-CBDC-4A27-A640-D46611A3134E}.AppStore|x64.Deploy.0 = Debug|Any CPU
		{0A6ACB04-CBDC-4A27-A640-D46611A3134E}.AppStore|x86.ActiveCfg = Debug|Any CPU
		{0A6ACB04-CBDC-4A27-A640-D46611A3134E}.AppStore|x86.Build.0 = Debug|Any CPU
		{0A6ACB04-CBDC-4A27-A640-D46611A3134E}.AppStore|x86.Deploy.0 = Debug|Any CPU
		{0A6ACB04-CBDC-4A27-A640-D46611A3134E}.Debug|Any CPU.ActiveCfg = Debug|Any CPU
		{0A6ACB04-CBDC-4A27-A640-D46611A3134E}.Debug|Any CPU.Build.0 = Debug|Any CPU
		{0A6ACB04-CBDC-4A27-A640-D46611A3134E}.Debug|Any CPU.Deploy.0 = Debug|Any CPU
		{0A6ACB04-CBDC-4A27-A640-D46611A3134E}.Debug|ARM.ActiveCfg = Debug|Any CPU
		{0A6ACB04-CBDC-4A27-A640-D46611A3134E}.Debug|ARM.Build.0 = Debug|Any CPU
		{0A6ACB04-CBDC-4A27-A640-D46611A3134E}.Debug|ARM.Deploy.0 = Debug|Any CPU
		{0A6ACB04-CBDC-4A27-A640-D46611A3134E}.Debug|iPhone.ActiveCfg = Debug|Any CPU
		{0A6ACB04-CBDC-4A27-A640-D46611A3134E}.Debug|iPhone.Build.0 = Debug|Any CPU
		{0A6ACB04-CBDC-4A27-A640-D46611A3134E}.Debug|iPhone.Deploy.0 = Debug|Any CPU
		{0A6ACB04-CBDC-4A27-A640-D46611A3134E}.Debug|iPhoneSimulator.ActiveCfg = Debug|Any CPU
		{0A6ACB04-CBDC-4A27-A640-D46611A3134E}.Debug|iPhoneSimulator.Build.0 = Debug|Any CPU
		{0A6ACB04-CBDC-4A27-A640-D46611A3134E}.Debug|iPhoneSimulator.Deploy.0 = Debug|Any CPU
		{0A6ACB04-CBDC-4A27-A640-D46611A3134E}.Debug|x64.ActiveCfg = Debug|Any CPU
		{0A6ACB04-CBDC-4A27-A640-D46611A3134E}.Debug|x64.Build.0 = Debug|Any CPU
		{0A6ACB04-CBDC-4A27-A640-D46611A3134E}.Debug|x64.Deploy.0 = Debug|Any CPU
		{0A6ACB04-CBDC-4A27-A640-D46611A3134E}.Debug|x86.ActiveCfg = Debug|Any CPU
		{0A6ACB04-CBDC-4A27-A640-D46611A3134E}.Debug|x86.Build.0 = Debug|Any CPU
		{0A6ACB04-CBDC-4A27-A640-D46611A3134E}.Debug|x86.Deploy.0 = Debug|Any CPU
		{0A6ACB04-CBDC-4A27-A640-D46611A3134E}.Release|Any CPU.ActiveCfg = Release|Any CPU
		{0A6ACB04-CBDC-4A27-A640-D46611A3134E}.Release|Any CPU.Build.0 = Release|Any CPU
		{0A6ACB04-CBDC-4A27-A640-D46611A3134E}.Release|Any CPU.Deploy.0 = Release|Any CPU
		{0A6ACB04-CBDC-4A27-A640-D46611A3134E}.Release|ARM.ActiveCfg = Release|Any CPU
		{0A6ACB04-CBDC-4A27-A640-D46611A3134E}.Release|ARM.Build.0 = Release|Any CPU
		{0A6ACB04-CBDC-4A27-A640-D46611A3134E}.Release|ARM.Deploy.0 = Release|Any CPU
		{0A6ACB04-CBDC-4A27-A640-D46611A3134E}.Release|iPhone.ActiveCfg = Release|Any CPU
		{0A6ACB04-CBDC-4A27-A640-D46611A3134E}.Release|iPhone.Build.0 = Release|Any CPU
		{0A6ACB04-CBDC-4A27-A640-D46611A3134E}.Release|iPhone.Deploy.0 = Release|Any CPU
		{0A6ACB04-CBDC-4A27-A640-D46611A3134E}.Release|iPhoneSimulator.ActiveCfg = Release|Any CPU
		{0A6ACB04-CBDC-4A27-A640-D46611A3134E}.Release|iPhoneSimulator.Build.0 = Release|Any CPU
		{0A6ACB04-CBDC-4A27-A640-D46611A3134E}.Release|iPhoneSimulator.Deploy.0 = Release|Any CPU
		{0A6ACB04-CBDC-4A27-A640-D46611A3134E}.Release|x64.ActiveCfg = Release|Any CPU
		{0A6ACB04-CBDC-4A27-A640-D46611A3134E}.Release|x64.Build.0 = Release|Any CPU
		{0A6ACB04-CBDC-4A27-A640-D46611A3134E}.Release|x64.Deploy.0 = Release|Any CPU
		{0A6ACB04-CBDC-4A27-A640-D46611A3134E}.Release|x86.ActiveCfg = Release|Any CPU
		{0A6ACB04-CBDC-4A27-A640-D46611A3134E}.Release|x86.Build.0 = Release|Any CPU
		{0A6ACB04-CBDC-4A27-A640-D46611A3134E}.Release|x86.Deploy.0 = Release|Any CPU
	EndGlobalSection
	GlobalSection(SolutionProperties) = preSolution
		HideSolutionNode = FALSE
	EndGlobalSection
	GlobalSection(ExtensibilityGlobals) = postSolution
		SolutionGuid = {F1CB7144-D4D7-4821-801A-C0DE36EF4D77}
	EndGlobalSection
EndGlobal
