
Microsoft Visual Studio Solution File, Format Version 12.00
# Visual Studio 15
VisualStudioVersion = 15.0.27703.2042
MinimumVisualStudioVersion = 10.0.40219.1
Project("{FAE04EC0-301F-11D3-BF4B-00C04F79EFBC}") = "App02_TipoPaginaXF.Android", "App02_TipoPaginaXF\App02_TipoPaginaXF.Android\App02_TipoPaginaXF.Android.csproj", "{8A79A8F4-28FA-4419-8871-F6EF090D4F98}"
EndProject
Project("{FAE04EC0-301F-11D3-BF4B-00C04F79EFBC}") = "App02_TipoPaginaXF.iOS", "App02_TipoPaginaXF\App02_TipoPaginaXF.iOS\App02_TipoPaginaXF.iOS.csproj", "{64E4DAA1-ACF2-4797-81E8-685E4F4B8ABE}"
EndProject
Project("{FAE04EC0-301F-11D3-BF4B-00C04F79EFBC}") = "App02_TipoPaginaXF.UWP", "App02_TipoPaginaXF\App02_TipoPaginaXF.UWP\App02_TipoPaginaXF.UWP.csproj", "{D9D41B69-9042-482C-89B6-C68969C49170}"
EndProject
Project("{FAE04EC0-301F-11D3-BF4B-00C04F79EFBC}") = "App02_TipoPaginaXF", "App02_TipoPaginaXF\App02_TipoPaginaXF\App02_TipoPaginaXF.csproj", "{08A34104-0D11-4FBF-A305-0070359665AC}"
EndProject
Global
	GlobalSection(SolutionConfigurationPlatforms) = preSolution
		Ad-Hoc|Any CPU = Ad-Hoc|Any CPU
		Ad-Hoc|ARM = Ad-Hoc|ARM
		Ad-Hoc|iPhone = Ad-Hoc|iPhone
		Ad-Hoc|iPhoneSimulator = Ad-Hoc|iPhoneSimulator
		Ad-Hoc|x64 = Ad-Hoc|x64
		Ad-Hoc|x86 = Ad-Hoc|x86
		AppStore|Any CPU = AppStore|Any CPU
		AppStore|ARM = AppStore|ARM
		AppStore|iPhone = AppStore|iPhone
		AppStore|iPhoneSimulator = AppStore|iPhoneSimulator
		AppStore|x64 = AppStore|x64
		AppStore|x86 = AppStore|x86
		Debug|Any CPU = Debug|Any CPU
		Debug|ARM = Debug|ARM
		Debug|iPhone = Debug|iPhone
		Debug|iPhoneSimulator = Debug|iPhoneSimulator
		Debug|x64 = Debug|x64
		Debug|x86 = Debug|x86
		Release|Any CPU = Release|Any CPU
		Release|ARM = Release|ARM
		Release|iPhone = Release|iPhone
		Release|iPhoneSimulator = Release|iPhoneSimulator
		Release|x64 = Release|x64
		Release|x86 = Release|x86
	EndGlobalSection
	GlobalSection(ProjectConfigurationPlatforms) = postSolution
		{8A79A8F4-28FA-4419-8871-F6EF090D4F98}.Ad-Hoc|Any CPU.ActiveCfg = Release|Any CPU
		{8A79A8F4-28FA-4419-8871-F6EF090D4F98}.Ad-Hoc|Any CPU.Build.0 = Release|Any CPU
		{8A79A8F4-28FA-4419-8871-F6EF090D4F98}.Ad-Hoc|Any CPU.Deploy.0 = Release|Any CPU
		{8A79A8F4-28FA-4419-8871-F6EF090D4F98}.Ad-Hoc|ARM.ActiveCfg = Release|Any CPU
		{8A79A8F4-28FA-4419-8871-F6EF090D4F98}.Ad-Hoc|ARM.Build.0 = Release|Any CPU
		{8A79A8F4-28FA-4419-8871-F6EF090D4F98}.Ad-Hoc|ARM.Deploy.0 = Release|Any CPU
		{8A79A8F4-28FA-4419-8871-F6EF090D4F98}.Ad-Hoc|iPhone.ActiveCfg = Release|Any CPU
		{8A79A8F4-28FA-4419-8871-F6EF090D4F98}.Ad-Hoc|iPhone.Build.0 = Release|Any CPU
		{8A79A8F4-28FA-4419-8871-F6EF090D4F98}.Ad-Hoc|iPhone.Deploy.0 = Release|Any CPU
		{8A79A8F4-28FA-4419-8871-F6EF090D4F98}.Ad-Hoc|iPhoneSimulator.ActiveCfg = Release|Any CPU
		{8A79A8F4-28FA-4419-8871-F6EF090D4F98}.Ad-Hoc|iPhoneSimulator.Build.0 = Release|Any CPU
		{8A79A8F4-28FA-4419-8871-F6EF090D4F98}.Ad-Hoc|iPhoneSimulator.Deploy.0 = Release|Any CPU
		{8A79A8F4-28FA-4419-8871-F6EF090D4F98}.Ad-Hoc|x64.ActiveCfg = Release|Any CPU
		{8A79A8F4-28FA-4419-8871-F6EF090D4F98}.Ad-Hoc|x64.Build.0 = Release|Any CPU
		{8A79A8F4-28FA-4419-8871-F6EF090D4F98}.Ad-Hoc|x64.Deploy.0 = Release|Any CPU
		{8A79A8F4-28FA-4419-8871-F6EF090D4F98}.Ad-Hoc|x86.ActiveCfg = Release|Any CPU
		{8A79A8F4-28FA-4419-8871-F6EF090D4F98}.Ad-Hoc|x86.Build.0 = Release|Any CPU
		{8A79A8F4-28FA-4419-8871-F6EF090D4F98}.Ad-Hoc|x86.Deploy.0 = Release|Any CPU
		{8A79A8F4-28FA-4419-8871-F6EF090D4F98}.AppStore|Any CPU.ActiveCfg = Release|Any CPU
		{8A79A8F4-28FA-4419-8871-F6EF090D4F98}.AppStore|Any CPU.Build.0 = Release|Any CPU
		{8A79A8F4-28FA-4419-8871-F6EF090D4F98}.AppStore|Any CPU.Deploy.0 = Release|Any CPU
		{8A79A8F4-28FA-4419-8871-F6EF090D4F98}.AppStore|ARM.ActiveCfg = Release|Any CPU
		{8A79A8F4-28FA-4419-8871-F6EF090D4F98}.AppStore|ARM.Build.0 = Release|Any CPU
		{8A79A8F4-28FA-4419-8871-F6EF090D4F98}.AppStore|ARM.Deploy.0 = Release|Any CPU
		{8A79A8F4-28FA-4419-8871-F6EF090D4F98}.AppStore|iPhone.ActiveCfg = Release|Any CPU
		{8A79A8F4-28FA-4419-8871-F6EF090D4F98}.AppStore|iPhone.Build.0 = Release|Any CPU
		{8A79A8F4-28FA-4419-8871-F6EF090D4F98}.AppStore|iPhone.Deploy.0 = Release|Any CPU
		{8A79A8F4-28FA-4419-8871-F6EF090D4F98}.AppStore|iPhoneSimulator.ActiveCfg = Release|Any CPU
		{8A79A8F4-28FA-4419-8871-F6EF090D4F98}.AppStore|iPhoneSimulator.Build.0 = Release|Any CPU
		{8A79A8F4-28FA-4419-8871-F6EF090D4F98}.AppStore|iPhoneSimulator.Deploy.0 = Release|Any CPU
		{8A79A8F4-28FA-4419-8871-F6EF090D4F98}.AppStore|x64.ActiveCfg = Release|Any CPU
		{8A79A8F4-28FA-4419-8871-F6EF090D4F98}.AppStore|x64.Build.0 = Release|Any CPU
		{8A79A8F4-28FA-4419-8871-F6EF090D4F98}.AppStore|x64.Deploy.0 = Release|Any CPU
		{8A79A8F4-28FA-4419-8871-F6EF090D4F98}.AppStore|x86.ActiveCfg = Release|Any CPU
		{8A79A8F4-28FA-4419-8871-F6EF090D4F98}.AppStore|x86.Build.0 = Release|Any CPU
		{8A79A8F4-28FA-4419-8871-F6EF090D4F98}.AppStore|x86.Deploy.0 = Release|Any CPU
		{8A79A8F4-28FA-4419-8871-F6EF090D4F98}.Debug|Any CPU.ActiveCfg = Debug|Any CPU
		{8A79A8F4-28FA-4419-8871-F6EF090D4F98}.Debug|Any CPU.Build.0 = Debug|Any CPU
		{8A79A8F4-28FA-4419-8871-F6EF090D4F98}.Debug|Any CPU.Deploy.0 = Debug|Any CPU
		{8A79A8F4-28FA-4419-8871-F6EF090D4F98}.Debug|ARM.ActiveCfg = Debug|Any CPU
		{8A79A8F4-28FA-4419-8871-F6EF090D4F98}.Debug|ARM.Build.0 = Debug|Any CPU
		{8A79A8F4-28FA-4419-8871-F6EF090D4F98}.Debug|ARM.Deploy.0 = Debug|Any CPU
		{8A79A8F4-28FA-4419-8871-F6EF090D4F98}.Debug|iPhone.ActiveCfg = Debug|Any CPU
		{8A79A8F4-28FA-4419-8871-F6EF090D4F98}.Debug|iPhone.Build.0 = Debug|Any CPU
		{8A79A8F4-28FA-4419-8871-F6EF090D4F98}.Debug|iPhone.Deploy.0 = Debug|Any CPU
		{8A79A8F4-28FA-4419-8871-F6EF090D4F98}.Debug|iPhoneSimulator.ActiveCfg = Debug|Any CPU
		{8A79A8F4-28FA-4419-8871-F6EF090D4F98}.Debug|iPhoneSimulator.Build.0 = Debug|Any CPU
		{8A79A8F4-28FA-4419-8871-F6EF090D4F98}.Debug|iPhoneSimulator.Deploy.0 = Debug|Any CPU
		{8A79A8F4-28FA-4419-8871-F6EF090D4F98}.Debug|x64.ActiveCfg = Debug|Any CPU
		{8A79A8F4-28FA-4419-8871-F6EF090D4F98}.Debug|x64.Build.0 = Debug|Any CPU
		{8A79A8F4-28FA-4419-8871-F6EF090D4F98}.Debug|x64.Deploy.0 = Debug|Any CPU
		{8A79A8F4-28FA-4419-8871-F6EF090D4F98}.Debug|x86.ActiveCfg = Debug|Any CPU
		{8A79A8F4-28FA-4419-8871-F6EF090D4F98}.Debug|x86.Build.0 = Debug|Any CPU
		{8A79A8F4-28FA-4419-8871-F6EF090D4F98}.Debug|x86.Deploy.0 = Debug|Any CPU
		{8A79A8F4-28FA-4419-8871-F6EF090D4F98}.Release|Any CPU.ActiveCfg = Release|Any CPU
		{8A79A8F4-28FA-4419-8871-F6EF090D4F98}.Release|Any CPU.Build.0 = Release|Any CPU
		{8A79A8F4-28FA-4419-8871-F6EF090D4F98}.Release|Any CPU.Deploy.0 = Release|Any CPU
		{8A79A8F4-28FA-4419-8871-F6EF090D4F98}.Release|ARM.ActiveCfg = Release|Any CPU
		{8A79A8F4-28FA-4419-8871-F6EF090D4F98}.Release|ARM.Build.0 = Release|Any CPU
		{8A79A8F4-28FA-4419-8871-F6EF090D4F98}.Release|ARM.Deploy.0 = Release|Any CPU
		{8A79A8F4-28FA-4419-8871-F6EF090D4F98}.Release|iPhone.ActiveCfg = Release|Any CPU
		{8A79A8F4-28FA-4419-8871-F6EF090D4F98}.Release|iPhone.Build.0 = Release|Any CPU
		{8A79A8F4-28FA-4419-8871-F6EF090D4F98}.Release|iPhone.Deploy.0 = Release|Any CPU
		{8A79A8F4-28FA-4419-8871-F6EF090D4F98}.Release|iPhoneSimulator.ActiveCfg = Release|Any CPU
		{8A79A8F4-28FA-4419-8871-F6EF090D4F98}.Release|iPhoneSimulator.Build.0 = Release|Any CPU
		{8A79A8F4-28FA-4419-8871-F6EF090D4F98}.Release|iPhoneSimulator.Deploy.0 = Release|Any CPU
		{8A79A8F4-28FA-4419-8871-F6EF090D4F98}.Release|x64.ActiveCfg = Release|Any CPU
		{8A79A8F4-28FA-4419-8871-F6EF090D4F98}.Release|x64.Build.0 = Release|Any CPU
		{8A79A8F4-28FA-4419-8871-F6EF090D4F98}.Release|x64.Deploy.0 = Release|Any CPU
		{8A79A8F4-28FA-4419-8871-F6EF090D4F98}.Release|x86.ActiveCfg = Release|Any CPU
		{8A79A8F4-28FA-4419-8871-F6EF090D4F98}.Release|x86.Build.0 = Release|Any CPU
		{8A79A8F4-28FA-4419-8871-F6EF090D4F98}.Release|x86.Deploy.0 = Release|Any CPU
		{64E4DAA1-ACF2-4797-81E8-685E4F4B8ABE}.Ad-Hoc|Any CPU.ActiveCfg = Ad-Hoc|iPhone
		{64E4DAA1-ACF2-4797-81E8-685E4F4B8ABE}.Ad-Hoc|Any CPU.Build.0 = Ad-Hoc|iPhone
		{64E4DAA1-ACF2-4797-81E8-685E4F4B8ABE}.Ad-Hoc|Any CPU.Deploy.0 = Ad-Hoc|iPhone
		{64E4DAA1-ACF2-4797-81E8-685E4F4B8ABE}.Ad-Hoc|ARM.ActiveCfg = Ad-Hoc|iPhone
		{64E4DAA1-ACF2-4797-81E8-685E4F4B8ABE}.Ad-Hoc|ARM.Build.0 = Ad-Hoc|iPhone
		{64E4DAA1-ACF2-4797-81E8-685E4F4B8ABE}.Ad-Hoc|ARM.Deploy.0 = Ad-Hoc|iPhone
		{64E4DAA1-ACF2-4797-81E8-685E4F4B8ABE}.Ad-Hoc|iPhone.ActiveCfg = Ad-Hoc|iPhone
		{64E4DAA1-ACF2-4797-81E8-685E4F4B8ABE}.Ad-Hoc|iPhone.Build.0 = Ad-Hoc|iPhone
		{64E4DAA1-ACF2-4797-81E8-685E4F4B8ABE}.Ad-Hoc|iPhone.Deploy.0 = Ad-Hoc|iPhone
		{64E4DAA1-ACF2-4797-81E8-685E4F4B8ABE}.Ad-Hoc|iPhoneSimulator.ActiveCfg = Ad-Hoc|iPhoneSimulator
		{64E4DAA1-ACF2-4797-81E8-685E4F4B8ABE}.Ad-Hoc|iPhoneSimulator.Build.0 = Ad-Hoc|iPhoneSimulator
		{64E4DAA1-ACF2-4797-81E8-685E4F4B8ABE}.Ad-Hoc|iPhoneSimulator.Deploy.0 = Ad-Hoc|iPhoneSimulator
		{64E4DAA1-ACF2-4797-81E8-685E4F4B8ABE}.Ad-Hoc|x64.ActiveCfg = Ad-Hoc|iPhone
		{64E4DAA1-ACF2-4797-81E8-685E4F4B8ABE}.Ad-Hoc|x64.Build.0 = Ad-Hoc|iPhone
		{64E4DAA1-ACF2-4797-81E8-685E4F4B8ABE}.Ad-Hoc|x64.Deploy.0 = Ad-Hoc|iPhone
		{64E4DAA1-ACF2-4797-81E8-685E4F4B8ABE}.Ad-Hoc|x86.ActiveCfg = Ad-Hoc|iPhone
		{64E4DAA1-ACF2-4797-81E8-685E4F4B8ABE}.Ad-Hoc|x86.Build.0 = Ad-Hoc|iPhone
		{64E4DAA1-ACF2-4797-81E8-685E4F4B8ABE}.Ad-Hoc|x86.Deploy.0 = Ad-Hoc|iPhone
		{64E4DAA1-ACF2-4797-81E8-685E4F4B8ABE}.AppStore|Any CPU.ActiveCfg = AppStore|iPhone
		{64E4DAA1-ACF2-4797-81E8-685E4F4B8ABE}.AppStore|Any CPU.Build.0 = AppStore|iPhone
		{64E4DAA1-ACF2-4797-81E8-685E4F4B8ABE}.AppStore|Any CPU.Deploy.0 = AppStore|iPhone
		{64E4DAA1-ACF2-4797-81E8-685E4F4B8ABE}.AppStore|ARM.ActiveCfg = AppStore|iPhone
		{64E4DAA1-ACF2-4797-81E8-685E4F4B8ABE}.AppStore|ARM.Build.0 = AppStore|iPhone
		{64E4DAA1-ACF2-4797-81E8-685E4F4B8ABE}.AppStore|ARM.Deploy.0 = AppStore|iPhone
		{64E4DAA1-ACF2-4797-81E8-685E4F4B8ABE}.AppStore|iPhone.ActiveCfg = AppStore|iPhone
		{64E4DAA1-ACF2-4797-81E8-685E4F4B8ABE}.AppStore|iPhone.Build.0 = AppStore|iPhone
		{64E4DAA1-ACF2-4797-81E8-685E4F4B8ABE}.AppStore|iPhone.Deploy.0 = AppStore|iPhone
		{64E4DAA1-ACF2-4797-81E8-685E4F4B8ABE}.AppStore|iPhoneSimulator.ActiveCfg = AppStore|iPhoneSimulator
		{64E4DAA1-ACF2-4797-81E8-685E4F4B8ABE}.AppStore|iPhoneSimulator.Build.0 = AppStore|iPhoneSimulator
		{64E4DAA1-ACF2-4797-81E8-685E4F4B8ABE}.AppStore|iPhoneSimulator.Deploy.0 = AppStore|iPhoneSimulator
		{64E4DAA1-ACF2-4797-81E8-685E4F4B8ABE}.AppStore|x64.ActiveCfg = AppStore|iPhone
		{64E4DAA1-ACF2-4797-81E8-685E4F4B8ABE}.AppStore|x64.Build.0 = AppStore|iPhone
		{64E4DAA1-ACF2-4797-81E8-685E4F4B8ABE}.AppStore|x64.Deploy.0 = AppStore|iPhone
		{64E4DAA1-ACF2-4797-81E8-685E4F4B8ABE}.AppStore|x86.ActiveCfg = AppStore|iPhone
		{64E4DAA1-ACF2-4797-81E8-685E4F4B8ABE}.AppStore|x86.Build.0 = AppStore|iPhone
		{64E4DAA1-ACF2-4797-81E8-685E4F4B8ABE}.AppStore|x86.Deploy.0 = AppStore|iPhone
		{64E4DAA1-ACF2-4797-81E8-685E4F4B8ABE}.Debug|Any CPU.ActiveCfg = Debug|iPhoneSimulator
		{64E4DAA1-ACF2-4797-81E8-685E4F4B8ABE}.Debug|Any CPU.Build.0 = Debug|iPhoneSimulator
		{64E4DAA1-ACF2-4797-81E8-685E4F4B8ABE}.Debug|Any CPU.Deploy.0 = Debug|iPhoneSimulator
		{64E4DAA1-ACF2-4797-81E8-685E4F4B8ABE}.Debug|ARM.ActiveCfg = Debug|iPhone
		{64E4DAA1-ACF2-4797-81E8-685E4F4B8ABE}.Debug|ARM.Build.0 = Debug|iPhone
		{64E4DAA1-ACF2-4797-81E8-685E4F4B8ABE}.Debug|ARM.Deploy.0 = Debug|iPhone
		{64E4DAA1-ACF2-4797-81E8-685E4F4B8ABE}.Debug|iPhone.ActiveCfg = Debug|iPhone
		{64E4DAA1-ACF2-4797-81E8-685E4F4B8ABE}.Debug|iPhone.Build.0 = Debug|iPhone
		{64E4DAA1-ACF2-4797-81E8-685E4F4B8ABE}.Debug|iPhone.Deploy.0 = Debug|iPhone
		{64E4DAA1-ACF2-4797-81E8-685E4F4B8ABE}.Debug|iPhoneSimulator.ActiveCfg = Debug|iPhoneSimulator
		{64E4DAA1-ACF2-4797-81E8-685E4F4B8ABE}.Debug|iPhoneSimulator.Build.0 = Debug|iPhoneSimulator
		{64E4DAA1-ACF2-4797-81E8-685E4F4B8ABE}.Debug|iPhoneSimulator.Deploy.0 = Debug|iPhoneSimulator
		{64E4DAA1-ACF2-4797-81E8-685E4F4B8ABE}.Debug|x64.ActiveCfg = Debug|iPhone
		{64E4DAA1-ACF2-4797-81E8-685E4F4B8ABE}.Debug|x64.Build.0 = Debug|iPhone
		{64E4DAA1-ACF2-4797-81E8-685E4F4B8ABE}.Debug|x64.Deploy.0 = Debug|iPhone
		{64E4DAA1-ACF2-4797-81E8-685E4F4B8ABE}.Debug|x86.ActiveCfg = Debug|iPhone
		{64E4DAA1-ACF2-4797-81E8-685E4F4B8ABE}.Debug|x86.Build.0 = Debug|iPhone
		{64E4DAA1-ACF2-4797-81E8-685E4F4B8ABE}.Debug|x86.Deploy.0 = Debug|iPhone
		{64E4DAA1-ACF2-4797-81E8-685E4F4B8ABE}.Release|Any CPU.ActiveCfg = Release|iPhone
		{64E4DAA1-ACF2-4797-81E8-685E4F4B8ABE}.Release|Any CPU.Build.0 = Release|iPhone
		{64E4DAA1-ACF2-4797-81E8-685E4F4B8ABE}.Release|Any CPU.Deploy.0 = Release|iPhone
		{64E4DAA1-ACF2-4797-81E8-685E4F4B8ABE}.Release|ARM.ActiveCfg = Release|iPhone
		{64E4DAA1-ACF2-4797-81E8-685E4F4B8ABE}.Release|ARM.Build.0 = Release|iPhone
		{64E4DAA1-ACF2-4797-81E8-685E4F4B8ABE}.Release|ARM.Deploy.0 = Release|iPhone
		{64E4DAA1-ACF2-4797-81E8-685E4F4B8ABE}.Release|iPhone.ActiveCfg = Release|iPhone
		{64E4DAA1-ACF2-4797-81E8-685E4F4B8ABE}.Release|iPhone.Build.0 = Release|iPhone
		{64E4DAA1-ACF2-4797-81E8-685E4F4B8ABE}.Release|iPhone.Deploy.0 = Release|iPhone
		{64E4DAA1-ACF2-4797-81E8-685E4F4B8ABE}.Release|iPhoneSimulator.ActiveCfg = Release|iPhoneSimulator
		{64E4DAA1-ACF2-4797-81E8-685E4F4B8ABE}.Release|iPhoneSimulator.Build.0 = Release|iPhoneSimulator
		{64E4DAA1-ACF2-4797-81E8-685E4F4B8ABE}.Release|iPhoneSimulator.Deploy.0 = Release|iPhoneSimulator
		{64E4DAA1-ACF2-4797-81E8-685E4F4B8ABE}.Release|x64.ActiveCfg = Release|iPhone
		{64E4DAA1-ACF2-4797-81E8-685E4F4B8ABE}.Release|x64.Build.0 = Release|iPhone
		{64E4DAA1-ACF2-4797-81E8-685E4F4B8ABE}.Release|x64.Deploy.0 = Release|iPhone
		{64E4DAA1-ACF2-4797-81E8-685E4F4B8ABE}.Release|x86.ActiveCfg = Release|iPhone
		{64E4DAA1-ACF2-4797-81E8-685E4F4B8ABE}.Release|x86.Build.0 = Release|iPhone
		{64E4DAA1-ACF2-4797-81E8-685E4F4B8ABE}.Release|x86.Deploy.0 = Release|iPhone
		{D9D41B69-9042-482C-89B6-C68969C49170}.Ad-Hoc|Any CPU.ActiveCfg = Release|x86
		{D9D41B69-9042-482C-89B6-C68969C49170}.Ad-Hoc|Any CPU.Build.0 = Release|x86
		{D9D41B69-9042-482C-89B6-C68969C49170}.Ad-Hoc|Any CPU.Deploy.0 = Release|x86
		{D9D41B69-9042-482C-89B6-C68969C49170}.Ad-Hoc|ARM.ActiveCfg = Release|ARM
		{D9D41B69-9042-482C-89B6-C68969C49170}.Ad-Hoc|ARM.Build.0 = Release|ARM
		{D9D41B69-9042-482C-89B6-C68969C49170}.Ad-Hoc|ARM.Deploy.0 = Release|ARM
		{D9D41B69-9042-482C-89B6-C68969C49170}.Ad-Hoc|iPhone.ActiveCfg = Release|x86
		{D9D41B69-9042-482C-89B6-C68969C49170}.Ad-Hoc|iPhone.Build.0 = Release|x86
		{D9D41B69-9042-482C-89B6-C68969C49170}.Ad-Hoc|iPhone.Deploy.0 = Release|x86
		{D9D41B69-9042-482C-89B6-C68969C49170}.Ad-Hoc|iPhoneSimulator.ActiveCfg = Release|x86
		{D9D41B69-9042-482C-89B6-C68969C49170}.Ad-Hoc|iPhoneSimulator.Build.0 = Release|x86
		{D9D41B69-9042-482C-89B6-C68969C49170}.Ad-Hoc|iPhoneSimulator.Deploy.0 = Release|x86
		{D9D41B69-9042-482C-89B6-C68969C49170}.Ad-Hoc|x64.ActiveCfg = Release|x64
		{D9D41B69-9042-482C-89B6-C68969C49170}.Ad-Hoc|x64.Build.0 = Release|x64
		{D9D41B69-9042-482C-89B6-C68969C49170}.Ad-Hoc|x64.Deploy.0 = Release|x64
		{D9D41B69-9042-482C-89B6-C68969C49170}.Ad-Hoc|x86.ActiveCfg = Release|x86
		{D9D41B69-9042-482C-89B6-C68969C49170}.Ad-Hoc|x86.Build.0 = Release|x86
		{D9D41B69-9042-482C-89B6-C68969C49170}.Ad-Hoc|x86.Deploy.0 = Release|x86
		{D9D41B69-9042-482C-89B6-C68969C49170}.AppStore|Any CPU.ActiveCfg = Release|x86
		{D9D41B69-9042-482C-89B6-C68969C49170}.AppStore|Any CPU.Build.0 = Release|x86
		{D9D41B69-9042-482C-89B6-C68969C49170}.AppStore|Any CPU.Deploy.0 = Release|x86
		{D9D41B69-9042-482C-89B6-C68969C49170}.AppStore|ARM.ActiveCfg = Release|ARM
		{D9D41B69-9042-482C-89B6-C68969C49170}.AppStore|ARM.Build.0 = Release|ARM
		{D9D41B69-9042-482C-89B6-C68969C49170}.AppStore|ARM.Deploy.0 = Release|ARM
		{D9D41B69-9042-482C-89B6-C68969C49170}.AppStore|iPhone.ActiveCfg = Release|x86
		{D9D41B69-9042-482C-89B6-C68969C49170}.AppStore|iPhone.Build.0 = Release|x86
		{D9D41B69-9042-482C-89B6-C68969C49170}.AppStore|iPhone.Deploy.0 = Release|x86
		{D9D41B69-9042-482C-89B6-C68969C49170}.AppStore|iPhoneSimulator.ActiveCfg = Release|x86
		{D9D41B69-9042-482C-89B6-C68969C49170}.AppStore|iPhoneSimulator.Build.0 = Release|x86
		{D9D41B69-9042-482C-89B6-C68969C49170}.AppStore|iPhoneSimulator.Deploy.0 = Release|x86
		{D9D41B69-9042-482C-89B6-C68969C49170}.AppStore|x64.ActiveCfg = Release|x64
		{D9D41B69-9042-482C-89B6-C68969C49170}.AppStore|x64.Build.0 = Release|x64
		{D9D41B69-9042-482C-89B6-C68969C49170}.AppStore|x64.Deploy.0 = Release|x64
		{D9D41B69-9042-482C-89B6-C68969C49170}.AppStore|x86.ActiveCfg = Release|x86
		{D9D41B69-9042-482C-89B6-C68969C49170}.AppStore|x86.Build.0 = Release|x86
		{D9D41B69-9042-482C-89B6-C68969C49170}.AppStore|x86.Deploy.0 = Release|x86
		{D9D41B69-9042-482C-89B6-C68969C49170}.Debug|Any CPU.ActiveCfg = Debug|x86
		{D9D41B69-9042-482C-89B6-C68969C49170}.Debug|Any CPU.Build.0 = Debug|x86
		{D9D41B69-9042-482C-89B6-C68969C49170}.Debug|Any CPU.Deploy.0 = Debug|x86
		{D9D41B69-9042-482C-89B6-C68969C49170}.Debug|ARM.ActiveCfg = Debug|ARM
		{D9D41B69-9042-482C-89B6-C68969C49170}.Debug|ARM.Build.0 = Debug|ARM
		{D9D41B69-9042-482C-89B6-C68969C49170}.Debug|ARM.Deploy.0 = Debug|ARM
		{D9D41B69-9042-482C-89B6-C68969C49170}.Debug|iPhone.ActiveCfg = Debug|x86
		{D9D41B69-9042-482C-89B6-C68969C49170}.Debug|iPhone.Build.0 = Debug|x86
		{D9D41B69-9042-482C-89B6-C68969C49170}.Debug|iPhone.Deploy.0 = Debug|x86
		{D9D41B69-9042-482C-89B6-C68969C49170}.Debug|iPhoneSimulator.ActiveCfg = Debug|x86
		{D9D41B69-9042-482C-89B6-C68969C49170}.Debug|iPhoneSimulator.Build.0 = Debug|x86
		{D9D41B69-9042-482C-89B6-C68969C49170}.Debug|iPhoneSimulator.Deploy.0 = Debug|x86
		{D9D41B69-9042-482C-89B6-C68969C49170}.Debug|x64.ActiveCfg = Debug|x64
		{D9D41B69-9042-482C-89B6-C68969C49170}.Debug|x64.Build.0 = Debug|x64
		{D9D41B69-9042-482C-89B6-C68969C49170}.Debug|x64.Deploy.0 = Debug|x64
		{D9D41B69-9042-482C-89B6-C68969C49170}.Debug|x86.ActiveCfg = Debug|x86
		{D9D41B69-9042-482C-89B6-C68969C49170}.Debug|x86.Build.0 = Debug|x86
		{D9D41B69-9042-482C-89B6-C68969C49170}.Debug|x86.Deploy.0 = Debug|x86
		{D9D41B69-9042-482C-89B6-C68969C49170}.Release|Any CPU.ActiveCfg = Release|x86
		{D9D41B69-9042-482C-89B6-C68969C49170}.Release|Any CPU.Build.0 = Release|x86
		{D9D41B69-9042-482C-89B6-C68969C49170}.Release|Any CPU.Deploy.0 = Release|x86
		{D9D41B69-9042-482C-89B6-C68969C49170}.Release|ARM.ActiveCfg = Release|ARM
		{D9D41B69-9042-482C-89B6-C68969C49170}.Release|ARM.Build.0 = Release|ARM
		{D9D41B69-9042-482C-89B6-C68969C49170}.Release|ARM.Deploy.0 = Release|ARM
		{D9D41B69-9042-482C-89B6-C68969C49170}.Release|iPhone.ActiveCfg = Release|x86
		{D9D41B69-9042-482C-89B6-C68969C49170}.Release|iPhone.Build.0 = Release|x86
		{D9D41B69-9042-482C-89B6-C68969C49170}.Release|iPhone.Deploy.0 = Release|x86
		{D9D41B69-9042-482C-89B6-C68969C49170}.Release|iPhoneSimulator.ActiveCfg = Release|x86
		{D9D41B69-9042-482C-89B6-C68969C49170}.Release|iPhoneSimulator.Build.0 = Release|x86
		{D9D41B69-9042-482C-89B6-C68969C49170}.Release|iPhoneSimulator.Deploy.0 = Release|x86
		{D9D41B69-9042-482C-89B6-C68969C49170}.Release|x64.ActiveCfg = Release|x64
		{D9D41B69-9042-482C-89B6-C68969C49170}.Release|x64.Build.0 = Release|x64
		{D9D41B69-9042-482C-89B6-C68969C49170}.Release|x64.Deploy.0 = Release|x64
		{D9D41B69-9042-482C-89B6-C68969C49170}.Release|x86.ActiveCfg = Release|x86
		{D9D41B69-9042-482C-89B6-C68969C49170}.Release|x86.Build.0 = Release|x86
		{D9D41B69-9042-482C-89B6-C68969C49170}.Release|x86.Deploy.0 = Release|x86
		{08A34104-0D11-4FBF-A305-0070359665AC}.Ad-Hoc|Any CPU.ActiveCfg = Debug|Any CPU
		{08A34104-0D11-4FBF-A305-0070359665AC}.Ad-Hoc|Any CPU.Build.0 = Debug|Any CPU
		{08A34104-0D11-4FBF-A305-0070359665AC}.Ad-Hoc|Any CPU.Deploy.0 = Debug|Any CPU
		{08A34104-0D11-4FBF-A305-0070359665AC}.Ad-Hoc|ARM.ActiveCfg = Debug|Any CPU
		{08A34104-0D11-4FBF-A305-0070359665AC}.Ad-Hoc|ARM.Build.0 = Debug|Any CPU
		{08A34104-0D11-4FBF-A305-0070359665AC}.Ad-Hoc|ARM.Deploy.0 = Debug|Any CPU
		{08A34104-0D11-4FBF-A305-0070359665AC}.Ad-Hoc|iPhone.ActiveCfg = Debug|Any CPU
		{08A34104-0D11-4FBF-A305-0070359665AC}.Ad-Hoc|iPhone.Build.0 = Debug|Any CPU
		{08A34104-0D11-4FBF-A305-0070359665AC}.Ad-Hoc|iPhone.Deploy.0 = Debug|Any CPU
		{08A34104-0D11-4FBF-A305-0070359665AC}.Ad-Hoc|iPhoneSimulator.ActiveCfg = Debug|Any CPU
		{08A34104-0D11-4FBF-A305-0070359665AC}.Ad-Hoc|iPhoneSimulator.Build.0 = Debug|Any CPU
		{08A34104-0D11-4FBF-A305-0070359665AC}.Ad-Hoc|iPhoneSimulator.Deploy.0 = Debug|Any CPU
		{08A34104-0D11-4FBF-A305-0070359665AC}.Ad-Hoc|x64.ActiveCfg = Debug|Any CPU
		{08A34104-0D11-4FBF-A305-0070359665AC}.Ad-Hoc|x64.Build.0 = Debug|Any CPU
		{08A34104-0D11-4FBF-A305-0070359665AC}.Ad-Hoc|x64.Deploy.0 = Debug|Any CPU
		{08A34104-0D11-4FBF-A305-0070359665AC}.Ad-Hoc|x86.ActiveCfg = Debug|Any CPU
		{08A34104-0D11-4FBF-A305-0070359665AC}.Ad-Hoc|x86.Build.0 = Debug|Any CPU
		{08A34104-0D11-4FBF-A305-0070359665AC}.Ad-Hoc|x86.Deploy.0 = Debug|Any CPU
		{08A34104-0D11-4FBF-A305-0070359665AC}.AppStore|Any CPU.ActiveCfg = Debug|Any CPU
		{08A34104-0D11-4FBF-A305-0070359665AC}.AppStore|Any CPU.Build.0 = Debug|Any CPU
		{08A34104-0D11-4FBF-A305-0070359665AC}.AppStore|Any CPU.Deploy.0 = Debug|Any CPU
		{08A34104-0D11-4FBF-A305-0070359665AC}.AppStore|ARM.ActiveCfg = Debug|Any CPU
		{08A34104-0D11-4FBF-A305-0070359665AC}.AppStore|ARM.Build.0 = Debug|Any CPU
		{08A34104-0D11-4FBF-A305-0070359665AC}.AppStore|ARM.Deploy.0 = Debug|Any CPU
		{08A34104-0D11-4FBF-A305-0070359665AC}.AppStore|iPhone.ActiveCfg = Debug|Any CPU
		{08A34104-0D11-4FBF-A305-0070359665AC}.AppStore|iPhone.Build.0 = Debug|Any CPU
		{08A34104-0D11-4FBF-A305-0070359665AC}.AppStore|iPhone.Deploy.0 = Debug|Any CPU
		{08A34104-0D11-4FBF-A305-0070359665AC}.AppStore|iPhoneSimulator.ActiveCfg = Debug|Any CPU
		{08A34104-0D11-4FBF-A305-0070359665AC}.AppStore|iPhoneSimulator.Build.0 = Debug|Any CPU
		{08A34104-0D11-4FBF-A305-0070359665AC}.AppStore|iPhoneSimulator.Deploy.0 = Debug|Any CPU
		{08A34104-0D11-4FBF-A305-0070359665AC}.AppStore|x64.ActiveCfg = Debug|Any CPU
		{08A34104-0D11-4FBF-A305-0070359665AC}.AppStore|x64.Build.0 = Debug|Any CPU
		{08A34104-0D11-4FBF-A305-0070359665AC}.AppStore|x64.Deploy.0 = Debug|Any CPU
		{08A34104-0D11-4FBF-A305-0070359665AC}.AppStore|x86.ActiveCfg = Debug|Any CPU
		{08A34104-0D11-4FBF-A305-0070359665AC}.AppStore|x86.Build.0 = Debug|Any CPU
		{08A34104-0D11-4FBF-A305-0070359665AC}.AppStore|x86.Deploy.0 = Debug|Any CPU
		{08A34104-0D11-4FBF-A305-0070359665AC}.Debug|Any CPU.ActiveCfg = Debug|Any CPU
		{08A34104-0D11-4FBF-A305-0070359665AC}.Debug|Any CPU.Build.0 = Debug|Any CPU
		{08A34104-0D11-4FBF-A305-0070359665AC}.Debug|Any CPU.Deploy.0 = Debug|Any CPU
		{08A34104-0D11-4FBF-A305-0070359665AC}.Debug|ARM.ActiveCfg = Debug|Any CPU
		{08A34104-0D11-4FBF-A305-0070359665AC}.Debug|ARM.Build.0 = Debug|Any CPU
		{08A34104-0D11-4FBF-A305-0070359665AC}.Debug|ARM.Deploy.0 = Debug|Any CPU
		{08A34104-0D11-4FBF-A305-0070359665AC}.Debug|iPhone.ActiveCfg = Debug|Any CPU
		{08A34104-0D11-4FBF-A305-0070359665AC}.Debug|iPhone.Build.0 = Debug|Any CPU
		{08A34104-0D11-4FBF-A305-0070359665AC}.Debug|iPhone.Deploy.0 = Debug|Any CPU
		{08A34104-0D11-4FBF-A305-0070359665AC}.Debug|iPhoneSimulator.ActiveCfg = Debug|Any CPU
		{08A34104-0D11-4FBF-A305-0070359665AC}.Debug|iPhoneSimulator.Build.0 = Debug|Any CPU
		{08A34104-0D11-4FBF-A305-0070359665AC}.Debug|iPhoneSimulator.Deploy.0 = Debug|Any CPU
		{08A34104-0D11-4FBF-A305-0070359665AC}.Debug|x64.ActiveCfg = Debug|Any CPU
		{08A34104-0D11-4FBF-A305-0070359665AC}.Debug|x64.Build.0 = Debug|Any CPU
		{08A34104-0D11-4FBF-A305-0070359665AC}.Debug|x64.Deploy.0 = Debug|Any CPU
		{08A34104-0D11-4FBF-A305-0070359665AC}.Debug|x86.ActiveCfg = Debug|Any CPU
		{08A34104-0D11-4FBF-A305-0070359665AC}.Debug|x86.Build.0 = Debug|Any CPU
		{08A34104-0D11-4FBF-A305-0070359665AC}.Debug|x86.Deploy.0 = Debug|Any CPU
		{08A34104-0D11-4FBF-A305-0070359665AC}.Release|Any CPU.ActiveCfg = Release|Any CPU
		{08A34104-0D11-4FBF-A305-0070359665AC}.Release|Any CPU.Build.0 = Release|Any CPU
		{08A34104-0D11-4FBF-A305-0070359665AC}.Release|Any CPU.Deploy.0 = Release|Any CPU
		{08A34104-0D11-4FBF-A305-0070359665AC}.Release|ARM.ActiveCfg = Release|Any CPU
		{08A34104-0D11-4FBF-A305-0070359665AC}.Release|ARM.Build.0 = Release|Any CPU
		{08A34104-0D11-4FBF-A305-0070359665AC}.Release|ARM.Deploy.0 = Release|Any CPU
		{08A34104-0D11-4FBF-A305-0070359665AC}.Release|iPhone.ActiveCfg = Release|Any CPU
		{08A34104-0D11-4FBF-A305-0070359665AC}.Release|iPhone.Build.0 = Release|Any CPU
		{08A34104-0D11-4FBF-A305-0070359665AC}.Release|iPhone.Deploy.0 = Release|Any CPU
		{08A34104-0D11-4FBF-A305-0070359665AC}.Release|iPhoneSimulator.ActiveCfg = Release|Any CPU
		{08A34104-0D11-4FBF-A305-0070359665AC}.Release|iPhoneSimulator.Build.0 = Release|Any CPU
		{08A34104-0D11-4FBF-A305-0070359665AC}.Release|iPhoneSimulator.Deploy.0 = Release|Any CPU
		{08A34104-0D11-4FBF-A305-0070359665AC}.Release|x64.ActiveCfg = Release|Any CPU
		{08A34104-0D11-4FBF-A305-0070359665AC}.Release|x64.Build.0 = Release|Any CPU
		{08A34104-0D11-4FBF-A305-0070359665AC}.Release|x64.Deploy.0 = Release|Any CPU
		{08A34104-0D11-4FBF-A305-0070359665AC}.Release|x86.ActiveCfg = Release|Any CPU
		{08A34104-0D11-4FBF-A305-0070359665AC}.Release|x86.Build.0 = Release|Any CPU
		{08A34104-0D11-4FBF-A305-0070359665AC}.Release|x86.Deploy.0 = Release|Any CPU
	EndGlobalSection
	GlobalSection(SolutionProperties) = preSolution
		HideSolutionNode = FALSE
	EndGlobalSection
	GlobalSection(ExtensibilityGlobals) = postSolution
		SolutionGuid = {2D47A717-14F8-4F11-81C3-E20AF69C6E41}
	EndGlobalSection
EndGlobal
